
Microsoft Visual Studio Solution File, Format Version 12.00
# Visual Studio Version 17
VisualStudioVersion = 17.10.34916.146
MinimumVisualStudioVersion = 10.0.40219.1
Project("{FAE04EC0-301F-11D3-BF4B-00C04F79EFBC}") = "HW_Arrays_2", "HW_Arrays_2.csproj", "{B6FFF02E-7DFF-4490-A509-AFC4FB173629}"
EndProject
Global
	GlobalSection(SolutionConfigurationPlatforms) = preSolution
		Debug|Any CPU = Debug|Any CPU
		Release|Any CPU = Release|Any CPU
	EndGlobalSection
	GlobalSection(ProjectConfigurationPlatforms) = postSolution
		{B6FFF02E-7DFF-4490-A509-AFC4FB173629}.Debug|Any CPU.ActiveCfg = Debug|Any CPU
		{B6FFF02E-7DFF-4490-A509-AFC4FB173629}.Debug|Any CPU.Build.0 = Debug|Any CPU
		{B6FFF02E-7DFF-4490-A509-AFC4FB173629}.Release|Any CPU.ActiveCfg = Release|Any CPU
		{B6FFF02E-7DFF-4490-A509-AFC4FB173629}.Release|Any CPU.Build.0 = Release|Any CPU
	EndGlobalSection
	GlobalSection(SolutionProperties) = preSolution
		HideSolutionNode = FALSE
	EndGlobalSection
	GlobalSection(ExtensibilityGlobals) = postSolution
		SolutionGuid = {B7E0D43A-75E8-4338-8FB1-A5C6FC32FD5C}
	EndGlobalSection
EndGlobal
